// !$*UTF8*$!
{
	archiveVersion = 1;
	classes = {
	};
	objectVersion = 50;
	objects = {

/* Begin PBXBuildFile section */
		2273FFF6842DC2A1F9A3805C /* Pods_harekana_iOS.framework in Frameworks */ = {isa = PBXBuildFile; fileRef = E40207A28534508E994B8D5F /* Pods_harekana_iOS.framework */; };
		4F2A3FB721A711E800589998 /* AppDelegate.swift in Sources */ = {isa = PBXBuildFile; fileRef = 4F2A3FB621A711E800589998 /* AppDelegate.swift */; };
		4F2A3FB921A711E800589998 /* ViewController.swift in Sources */ = {isa = PBXBuildFile; fileRef = 4F2A3FB821A711E800589998 /* ViewController.swift */; };
		4F2A3FBC21A711E800589998 /* Main.storyboard in Resources */ = {isa = PBXBuildFile; fileRef = 4F2A3FBA21A711E800589998 /* Main.storyboard */; };
		4F2A3FBE21A711E900589998 /* Assets.xcassets in Resources */ = {isa = PBXBuildFile; fileRef = 4F2A3FBD21A711E900589998 /* Assets.xcassets */; };
		4F2A3FC121A711E900589998 /* LaunchScreen.storyboard in Resources */ = {isa = PBXBuildFile; fileRef = 4F2A3FBF21A711E900589998 /* LaunchScreen.storyboard */; };
/* End PBXBuildFile section */

/* Begin PBXFileReference section */
		41FFED9FDC9454AE90F166B9 /* Pods-harekana_iOS.debug.xcconfig */ = {isa = PBXFileReference; includeInIndex = 1; lastKnownFileType = text.xcconfig; name = "Pods-harekana_iOS.debug.xcconfig"; path = "Pods/Target Support Files/Pods-harekana_iOS/Pods-harekana_iOS.debug.xcconfig"; sourceTree = "<group>"; };
		4F2A3FB321A711E800589998 /* harekana_iOS.app */ = {isa = PBXFileReference; explicitFileType = wrapper.application; includeInIndex = 0; path = harekana_iOS.app; sourceTree = BUILT_PRODUCTS_DIR; };
		4F2A3FB621A711E800589998 /* AppDelegate.swift */ = {isa = PBXFileReference; lastKnownFileType = sourcecode.swift; path = AppDelegate.swift; sourceTree = "<group>"; };
		4F2A3FB821A711E800589998 /* ViewController.swift */ = {isa = PBXFileReference; lastKnownFileType = sourcecode.swift; path = ViewController.swift; sourceTree = "<group>"; };
		4F2A3FBB21A711E800589998 /* Base */ = {isa = PBXFileReference; lastKnownFileType = file.storyboard; name = Base; path = Base.lproj/Main.storyboard; sourceTree = "<group>"; };
		4F2A3FBD21A711E900589998 /* Assets.xcassets */ = {isa = PBXFileReference; lastKnownFileType = folder.assetcatalog; path = Assets.xcassets; sourceTree = "<group>"; };
		4F2A3FC021A711E900589998 /* Base */ = {isa = PBXFileReference; lastKnownFileType = file.storyboard; name = Base; path = Base.lproj/LaunchScreen.storyboard; sourceTree = "<group>"; };
		4F2A3FC221A711E900589998 /* Info.plist */ = {isa = PBXFileReference; lastKnownFileType = text.plist.xml; path = Info.plist; sourceTree = "<group>"; };
		73A9A01A182D15BCCE5A773C /* Pods-harekana_iOS.release.xcconfig */ = {isa = PBXFileReference; includeInIndex = 1; lastKnownFileType = text.xcconfig; name = "Pods-harekana_iOS.release.xcconfig"; path = "Pods/Target Support Files/Pods-harekana_iOS/Pods-harekana_iOS.release.xcconfig"; sourceTree = "<group>"; };
		E40207A28534508E994B8D5F /* Pods_harekana_iOS.framework */ = {isa = PBXFileReference; explicitFileType = wrapper.framework; includeInIndex = 0; path = Pods_harekana_iOS.framework; sourceTree = BUILT_PRODUCTS_DIR; };
/* End PBXFileReference section */

/* Begin PBXFrameworksBuildPhase section */
		4F2A3FB021A711E800589998 /* Frameworks */ = {
			isa = PBXFrameworksBuildPhase;
			buildActionMask = 2147483647;
			files = (
				2273FFF6842DC2A1F9A3805C /* Pods_harekana_iOS.framework in Frameworks */,
			);
			runOnlyForDeploymentPostprocessing = 0;
		};
/* End PBXFrameworksBuildPhase section */

/* Begin PBXGroup section */
		4F2A3FAA21A711E800589998 = {
			isa = PBXGroup;
			children = (
				4F2A3FB521A711E800589998 /* harekana_iOS */,
				4F2A3FB421A711E800589998 /* Products */,
				7D7B1C3AF5F720B2FFD36424 /* Pods */,
				CFF5BCEC2D710D75E86A7374 /* Frameworks */,
			);
			sourceTree = "<group>";
		};
		4F2A3FB421A711E800589998 /* Products */ = {
			isa = PBXGroup;
			children = (
				4F2A3FB321A711E800589998 /* harekana_iOS.app */,
			);
			name = Products;
			sourceTree = "<group>";
		};
		4F2A3FB521A711E800589998 /* harekana_iOS */ = {
			isa = PBXGroup;
			children = (
				4F2A3FB621A711E800589998 /* AppDelegate.swift */,
				4F2A3FB821A711E800589998 /* ViewController.swift */,
				4F2A3FBA21A711E800589998 /* Main.storyboard */,
				4F2A3FBD21A711E900589998 /* Assets.xcassets */,
				4F2A3FBF21A711E900589998 /* LaunchScreen.storyboard */,
				4F2A3FC221A711E900589998 /* Info.plist */,
			);
			path = harekana_iOS;
			sourceTree = "<group>";
		};
		7D7B1C3AF5F720B2FFD36424 /* Pods */ = {
			isa = PBXGroup;
			children = (
				41FFED9FDC9454AE90F166B9 /* Pods-harekana_iOS.debug.xcconfig */,
				73A9A01A182D15BCCE5A773C /* Pods-harekana_iOS.release.xcconfig */,
			);
			name = Pods;
			sourceTree = "<group>";
		};
		CFF5BCEC2D710D75E86A7374 /* Frameworks */ = {
			isa = PBXGroup;
			children = (
				E40207A28534508E994B8D5F /* Pods_harekana_iOS.framework */,
			);
			name = Frameworks;
			sourceTree = "<group>";
		};
/* End PBXGroup section */

/* Begin PBXNativeTarget section */
		4F2A3FB221A711E800589998 /* harekana_iOS */ = {
			isa = PBXNativeTarget;
			buildConfigurationList = 4F2A3FC521A711E900589998 /* Build configuration list for PBXNativeTarget "harekana_iOS" */;
			buildPhases = (
				0D563E6B3AC786291FADE11C /* [CP] Check Pods Manifest.lock */,
				4F2A3FAF21A711E800589998 /* Sources */,
				4F2A3FB021A711E800589998 /* Frameworks */,
				4F2A3FB121A711E800589998 /* Resources */,
				363D3399E60C3DA834DA3703 /* [CP] Embed Pods Frameworks */,
			);
			buildRules = (
			);
			dependencies = (
			);
			name = harekana_iOS;
			productName = harekana_iOS;
			productReference = 4F2A3FB321A711E800589998 /* harekana_iOS.app */;
			productType = "com.apple.product-type.application";
		};
/* End PBXNativeTarget section */

/* Begin PBXProject section */
		4F2A3FAB21A711E800589998 /* Project object */ = {
			isa = PBXProject;
			attributes = {
				LastSwiftUpdateCheck = 0930;
				LastUpgradeCheck = 0930;
				ORGANIZATIONNAME = "Haruya Ishiguro";
				TargetAttributes = {
					4F2A3FB221A711E800589998 = {
						CreatedOnToolsVersion = 9.3;
					};
				};
			};
			buildConfigurationList = 4F2A3FAE21A711E800589998 /* Build configuration list for PBXProject "harekana_iOS" */;
			compatibilityVersion = "Xcode 9.3";
			developmentRegion = en;
			hasScannedForEncodings = 0;
			knownRegions = (
				en,
				Base,
			);
			mainGroup = 4F2A3FAA21A711E800589998;
			productRefGroup = 4F2A3FB421A711E800589998 /* Products */;
			projectDirPath = "";
			projectRoot = "";
			targets = (
				4F2A3FB221A711E800589998 /* harekana_iOS */,
			);
		};
/* End PBXProject section */

/* Begin PBXResourcesBuildPhase section */
		4F2A3FB121A711E800589998 /* Resources */ = {
			isa = PBXResourcesBuildPhase;
			buildActionMask = 2147483647;
			files = (
				4F2A3FC121A711E900589998 /* LaunchScreen.storyboard in Resources */,
				4F2A3FBE21A711E900589998 /* Assets.xcassets in Resources */,
				4F2A3FBC21A711E800589998 /* Main.storyboard in Resources */,
			);
			runOnlyForDeploymentPostprocessing = 0;
		};
/* End PBXResourcesBuildPhase section */

/* Begin PBXShellScriptBuildPhase section */
		0D563E6B3AC786291FADE11C /* [CP] Check Pods Manifest.lock */ = {
			isa = PBXShellScriptBuildPhase;
			buildActionMask = 2147483647;
			files = (
			);
			inputPaths = (
				"${PODS_PODFILE_DIR_PATH}/Podfile.lock",
				"${PODS_ROOT}/Manifest.lock",
			);
			name = "[CP] Check Pods Manifest.lock";
			outputPaths = (
				"$(DERIVED_FILE_DIR)/Pods-harekana_iOS-checkManifestLockResult.txt",
			);
			runOnlyForDeploymentPostprocessing = 0;
			shellPath = /bin/sh;
			shellScript = "diff \"${PODS_PODFILE_DIR_PATH}/Podfile.lock\" \"${PODS_ROOT}/Manifest.lock\" > /dev/null\nif [ $? != 0 ] ; then\n    # print error to STDERR\n    echo \"error: The sandbox is not in sync with the Podfile.lock. Run 'pod install' or update your CocoaPods installation.\" >&2\n    exit 1\nfi\n# This output is used by Xcode 'outputs' to avoid re-running this script phase.\necho \"SUCCESS\" > \"${SCRIPT_OUTPUT_FILE_0}\"\n";
			showEnvVarsInLog = 0;
		};
		363D3399E60C3DA834DA3703 /* [CP] Embed Pods Frameworks */ = {
			isa = PBXShellScriptBuildPhase;
			buildActionMask = 2147483647;
			files = (
			);
			inputPaths = (
				"${SRCROOT}/Pods/Target Support Files/Pods-harekana_iOS/Pods-harekana_iOS-frameworks.sh",
				"${BUILT_PRODUCTS_DIR}/TinyConstraints/TinyConstraints.framework",
			);
			name = "[CP] Embed Pods Frameworks";
			outputPaths = (
				"${TARGET_BUILD_DIR}/${FRAMEWORKS_FOLDER_PATH}/TinyConstraints.framework",
			);
			runOnlyForDeploymentPostprocessing = 0;
			shellPath = /bin/sh;
			shellScript = "\"${SRCROOT}/Pods/Target Support Files/Pods-harekana_iOS/Pods-harekana_iOS-frameworks.sh\"\n";
			showEnvVarsInLog = 0;
		};
/* End PBXShellScriptBuildPhase section */

/* Begin PBXSourcesBuildPhase section */
		4F2A3FAF21A711E800589998 /* Sources */ = {
			isa = PBXSourcesBuildPhase;
			buildActionMask = 2147483647;
			files = (
				4F2A3FB921A711E800589998 /* ViewController.swift in Sources */,
				4F2A3FB721A711E800589998 /* AppDelegate.swift in Sources */,
			);
			runOnlyForDeploymentPostprocessing = 0;
		};
/* End PBXSourcesBuildPhase section */

/* Begin PBXVariantGroup section */
		4F2A3FBA21A711E800589998 /* Main.storyboard */ = {
			isa = PBXVariantGroup;
			children = (
				4F2A3FBB21A711E800589998 /* Base */,
			);
			name = Main.storyboard;
			sourceTree = "<group>";
		};
		4F2A3FBF21A711E900589998 /* LaunchScreen.storyboard */ = {
			isa = PBXVariantGroup;
			children = (
				4F2A3FC021A711E900589998 /* Base */,
			);
			name = LaunchScreen.storyboard;
			sourceTree = "<group>";
		};
/* End PBXVariantGroup section */

/* Begin XCBuildConfiguration section */
		4F2A3FC321A711E900589998 /* Debug */ = {
			isa = XCBuildConfiguration;
			buildSettings = {
				ALWAYS_SEARCH_USER_PATHS = NO;
				CLANG_ANALYZER_NONNULL = YES;
				CLANG_ANALYZER_NUMBER_OBJECT_CONVERSION = YES_AGGRESSIVE;
				CLANG_CXX_LANGUAGE_STANDARD = "gnu++14";
				CLANG_CXX_LIBRARY = "libc++";
				CLANG_ENABLE_MODULES = YES;
				CLANG_ENABLE_OBJC_ARC = YES;
				CLANG_ENABLE_OBJC_WEAK = YES;
				CLANG_WARN_BLOCK_CAPTURE_AUTORELEASING = YES;
				CLANG_WARN_BOOL_CONVERSION = YES;
				CLANG_WARN_COMMA = YES;
				CLANG_WARN_CONSTANT_CONVERSION = YES;
				CLANG_WARN_DEPRECATED_OBJC_IMPLEMENTATIONS = YES;
				CLANG_WARN_DIRECT_OBJC_ISA_USAGE = YES_ERROR;
				CLANG_WARN_DOCUMENTATION_COMMENTS = YES;
				CLANG_WARN_EMPTY_BODY = YES;
				CLANG_WARN_ENUM_CONVERSION = YES;
				CLANG_WARN_INFINITE_RECURSION = YES;
				CLANG_WARN_INT_CONVERSION = YES;
				CLANG_WARN_NON_LITERAL_NULL_CONVERSION = YES;
				CLANG_WARN_OBJC_IMPLICIT_RETAIN_SELF = YES;
				CLANG_WARN_OBJC_LITERAL_CONVERSION = YES;
				CLANG_WARN_OBJC_ROOT_CLASS = YES_ERROR;
				CLANG_WARN_RANGE_LOOP_ANALYSIS = YES;
				CLANG_WARN_STRICT_PROTOTYPES = YES;
				CLANG_WARN_SUSPICIOUS_MOVE = YES;
				CLANG_WARN_UNGUARDED_AVAILABILITY = YES_AGGRESSIVE;
				CLANG_WARN_UNREACHABLE_CODE = YES;
				CLANG_WARN__DUPLICATE_METHOD_MATCH = YES;
				CODE_SIGN_IDENTITY = "iPhone Developer";
				COPY_PHASE_STRIP = NO;
				DEBUG_INFORMATION_FORMAT = dwarf;
				ENABLE_STRICT_OBJC_MSGSEND = YES;
				ENABLE_TESTABILITY = YES;
				GCC_C_LANGUAGE_STANDARD = gnu11;
				GCC_DYNAMIC_NO_PIC = NO;
				GCC_NO_COMMON_BLOCKS = YES;
				GCC_OPTIMIZATION_LEVEL = 0;
				GCC_PREPROCESSOR_DEFINITIONS = (
					"DEBUG=1",
					"$(inherited)",
				);
				GCC_WARN_64_TO_32_BIT_CONVERSION = YES;
				GCC_WARN_ABOUT_RETURN_TYPE = YES_ERROR;
				GCC_WARN_UNDECLARED_SELECTOR = YES;
				GCC_WARN_UNINITIALIZED_AUTOS = YES_AGGRESSIVE;
				GCC_WARN_UNUSED_FUNCTION = YES;
				GCC_WARN_UNUSED_VARIABLE = YES;
				IPHONEOS_DEPLOYMENT_TARGET = 11.3;
				MTL_ENABLE_DEBUG_INFO = YES;
				ONLY_ACTIVE_ARCH = YES;
				SDKROOT = iphoneos;
				SWIFT_ACTIVE_COMPILATION_CONDITIONS = DEBUG;
				SWIFT_OPTIMIZATION_LEVEL = "-Onone";
			};
			name = Debug;
		};
		4F2A3FC421A711E900589998 /* Release */ = {
			isa = XCBuildConfiguration;
			buildSettings = {
				ALWAYS_SEARCH_USER_PATHS = NO;
				CLANG_ANALYZER_NONNULL = YES;
				CLANG_ANALYZER_NUMBER_OBJECT_CONVERSION = YES_AGGRESSIVE;
				CLANG_CXX_LANGUAGE_STANDARD = "gnu++14";
				CLANG_CXX_LIBRARY = "libc++";
				CLANG_ENABLE_MODULES = YES;
				CLANG_ENABLE_OBJC_ARC = YES;
				CLANG_ENABLE_OBJC_WEAK = YES;
				CLANG_WARN_BLOCK_CAPTURE_AUTORELEASING = YES;
				CLANG_WARN_BOOL_CONVERSION = YES;
				CLANG_WARN_COMMA = YES;
				CLANG_WARN_CONSTANT_CONVERSION = YES;
				CLANG_WARN_DEPRECATED_OBJC_IMPLEMENTATIONS = YES;
				CLANG_WARN_DIRECT_OBJC_ISA_USAGE = YES_ERROR;
				CLANG_WARN_DOCUMENTATION_COMMENTS = YES;
				CLANG_WARN_EMPTY_BODY = YES;
				CLANG_WARN_ENUM_CONVERSION = YES;
				CLANG_WARN_INFINITE_RECURSION = YES;
				CLANG_WARN_INT_CONVERSION = YES;
				CLANG_WARN_NON_LITERAL_NULL_CONVERSION = YES;
				CLANG_WARN_OBJC_IMPLICIT_RETAIN_SELF = YES;
				CLANG_WARN_OBJC_LITERAL_CONVERSION = YES;
				CLANG_WARN_OBJC_ROOT_CLASS = YES_ERROR;
				CLANG_WARN_RANGE_LOOP_ANALYSIS = YES;
				CLANG_WARN_STRICT_PROTOTYPES = YES;
				CLANG_WARN_SUSPICIOUS_MOVE = YES;
				CLANG_WARN_UNGUARDED_AVAILABILITY = YES_AGGRESSIVE;
				CLANG_WARN_UNREACHABLE_CODE = YES;
				CLANG_WARN__DUPLICATE_METHOD_MATCH = YES;
				CODE_SIGN_IDENTITY = "iPhone Developer";
				COPY_PHASE_STRIP = NO;
				DEBUG_INFORMATION_FORMAT = "dwarf-with-dsym";
				ENABLE_NS_ASSERTIONS = NO;
				ENABLE_STRICT_OBJC_MSGSEND = YES;
				GCC_C_LANGUAGE_STANDARD = gnu11;
				GCC_NO_COMMON_BLOCKS = YES;
				GCC_WARN_64_TO_32_BIT_CONVERSION = YES;
				GCC_WARN_ABOUT_RETURN_TYPE = YES_ERROR;
				GCC_WARN_UNDECLARED_SELECTOR = YES;
				GCC_WARN_UNINITIALIZED_AUTOS = YES_AGGRESSIVE;
				GCC_WARN_UNUSED_FUNCTION = YES;
				GCC_WARN_UNUSED_VARIABLE = YES;
				IPHONEOS_DEPLOYMENT_TARGET = 11.3;
				MTL_ENABLE_DEBUG_INFO = NO;
				SDKROOT = iphoneos;
				SWIFT_COMPILATION_MODE = wholemodule;
				SWIFT_OPTIMIZATION_LEVEL = "-O";
				VALIDATE_PRODUCT = YES;
			};
			name = Release;
		};
		4F2A3FC621A711E900589998 /* Debug */ = {
			isa = XCBuildConfiguration;
			baseConfigurationReference = 41FFED9FDC9454AE90F166B9 /* Pods-harekana_iOS.debug.xcconfig */;
			buildSettings = {
				ASSETCATALOG_COMPILER_APPICON_NAME = AppIcon;
				CODE_SIGN_STYLE = Automatic;
				DEVELOPMENT_TEAM = ENMYN622CB;
				INFOPLIST_FILE = harekana_iOS/Info.plist;
				LD_RUNPATH_SEARCH_PATHS = "$(inherited) @executable_path/Frameworks";
				PRODUCT_BUNDLE_IDENTIFIER = "com.ishiguro.harekana-iOS";
				PRODUCT_NAME = "$(TARGET_NAME)";
				SWIFT_VERSION = 4.0;
				TARGETED_DEVICE_FAMILY = "1,2";
			};
			name = Debug;
		};
		4F2A3FC721A711E900589998 /* Release */ = {
			isa = XCBuildConfiguration;
			baseConfigurationReference = 73A9A01A182D15BCCE5A773C /* Pods-harekana_iOS.release.xcconfig */;
			buildSettings = {
				ASSETCATALOG_COMPILER_APPICON_NAME = AppIcon;
				CODE_SIGN_STYLE = Automatic;
				DEVELOPMENT_TEAM = ENMYN622CB;
				INFOPLIST_FILE = harekana_iOS/Info.plist;
				LD_RUNPATH_SEARCH_PATHS = "$(inherited) @executable_path/Frameworks";
				PRODUCT_BUNDLE_IDENTIFIER = "com.ishiguro.harekana-iOS";
				PRODUCT_NAME = "$(TARGET_NAME)";
				SWIFT_VERSION = 4.0;
				TARGETED_DEVICE_FAMILY = "1,2";
			};
			name = Release;
		};
/* End XCBuildConfiguration section */

/* Begin XCConfigurationList section */
		4F2A3FAE21A711E800589998 /* Build configuration list for PBXProject "harekana_iOS" */ = {
			isa = XCConfigurationList;
			buildConfigurations = (
				4F2A3FC321A711E900589998 /* Debug */,
				4F2A3FC421A711E900589998 /* Release */,
			);
			defaultConfigurationIsVisible = 0;
			defaultConfigurationName = Release;
		};
		4F2A3FC521A711E900589998 /* Build configuration list for PBXNativeTarget "harekana_iOS" */ = {
			isa = XCConfigurationList;
			buildConfigurations = (
				4F2A3FC621A711E900589998 /* Debug */,
				4F2A3FC721A711E900589998 /* Release */,
			);
			defaultConfigurationIsVisible = 0;
			defaultConfigurationName = Release;
		};
/* End XCConfigurationList section */
	};
	rootObject = 4F2A3FAB21A711E800589998 /* Project object */;
}
